
Microsoft Visual Studio Solution File, Format Version 12.00
# Visual Studio Version 16
VisualStudioVersion = 16.0.29613.14
MinimumVisualStudioVersion = 10.0.40219.1
Project("{FAE04EC0-301F-11D3-BF4B-00C04F79EFBC}") = "ConsoleChess", "ConsoleChess.csproj", "{1F9236B5-5373-4A83-BF78-F661F7824B51}"
EndProject
Global
	GlobalSection(SolutionConfigurationPlatforms) = preSolution
		Debug|Any CPU = Debug|Any CPU
		Release|Any CPU = Release|Any CPU
	EndGlobalSection
	GlobalSection(ProjectConfigurationPlatforms) = postSolution
		{1F9236B5-5373-4A83-BF78-F661F7824B51}.Debug|Any CPU.ActiveCfg = Debug|Any CPU
		{1F9236B5-5373-4A83-BF78-F661F7824B51}.Debug|Any CPU.Build.0 = Debug|Any CPU
		{1F9236B5-5373-4A83-BF78-F661F7824B51}.Release|Any CPU.ActiveCfg = Release|Any CPU
		{1F9236B5-5373-4A83-BF78-F661F7824B51}.Release|Any CPU.Build.0 = Release|Any CPU
	EndGlobalSection
	GlobalSection(SolutionProperties) = preSolution
		HideSolutionNode = FALSE
	EndGlobalSection
	GlobalSection(ExtensibilityGlobals) = postSolution
		SolutionGuid = {470A1415-07B5-44AC-9749-47743B502854}
	EndGlobalSection
EndGlobal
